// !$*UTF8*$!
{
	archiveVersion = 1;
	classes = {
	};
	objectVersion = 50;
	objects = {

/* Begin PBXBuildFile section */
		CA11D509242ACAE10074E024 /* Extensions.swift in Sources */ = {isa = PBXBuildFile; fileRef = CA11D508242ACAE10074E024 /* Extensions.swift */; };
		CA11D50B242ACB920074E024 /* SimpleButtonStyle.swift in Sources */ = {isa = PBXBuildFile; fileRef = CA11D50A242ACB920074E024 /* SimpleButtonStyle.swift */; };
		CA6A81CC2433D22F00E17DC3 /* PersonNotification.swift in Sources */ = {isa = PBXBuildFile; fileRef = CA6A81CB2433D22F00E17DC3 /* PersonNotification.swift */; };
		CA7544612431878300C45C28 /* PersonModel.swift in Sources */ = {isa = PBXBuildFile; fileRef = CA7544602431878300C45C28 /* PersonModel.swift */; };
		CA7544642432EF3C00C45C28 /* Haptics.swift in Sources */ = {isa = PBXBuildFile; fileRef = CA7544632432EF3C00C45C28 /* Haptics.swift */; };
		CA7544662432EFD000C45C28 /* NetworkingHelper.swift in Sources */ = {isa = PBXBuildFile; fileRef = CA7544652432EFD000C45C28 /* NetworkingHelper.swift */; };
		CA754469243306F000C45C28 /* QuestionView3.swift in Sources */ = {isa = PBXBuildFile; fileRef = CA754468243306F000C45C28 /* QuestionView3.swift */; };
		CA75446B2433A51F00C45C28 /* QuestionView.swift in Sources */ = {isa = PBXBuildFile; fileRef = CA75446A2433A51F00C45C28 /* QuestionView.swift */; };
		CA9D81CF242151AE009625DF /* AppDelegate.swift in Sources */ = {isa = PBXBuildFile; fileRef = CA9D81CE242151AE009625DF /* AppDelegate.swift */; };
		CA9D81D1242151AE009625DF /* SceneDelegate.swift in Sources */ = {isa = PBXBuildFile; fileRef = CA9D81D0242151AE009625DF /* SceneDelegate.swift */; };
		CA9D81D3242151AE009625DF /* EntryView.swift in Sources */ = {isa = PBXBuildFile; fileRef = CA9D81D2242151AE009625DF /* EntryView.swift */; };
		CA9D81D5242151AF009625DF /* Assets.xcassets in Resources */ = {isa = PBXBuildFile; fileRef = CA9D81D4242151AF009625DF /* Assets.xcassets */; };
		CA9D81D8242151AF009625DF /* Preview Assets.xcassets in Resources */ = {isa = PBXBuildFile; fileRef = CA9D81D7242151AF009625DF /* Preview Assets.xcassets */; };
		CA9D81DB242151AF009625DF /* LaunchScreen.storyboard in Resources */ = {isa = PBXBuildFile; fileRef = CA9D81D9242151AF009625DF /* LaunchScreen.storyboard */; };
		CAAD96C02431711B00C054E1 /* PersonDetector.swift in Sources */ = {isa = PBXBuildFile; fileRef = CAAD96BF2431711B00C054E1 /* PersonDetector.swift */; };
/* End PBXBuildFile section */

/* Begin PBXFileReference section */
		CA11D508242ACAE10074E024 /* Extensions.swift */ = {isa = PBXFileReference; lastKnownFileType = sourcecode.swift; path = Extensions.swift; sourceTree = "<group>"; };
		CA11D50A242ACB920074E024 /* SimpleButtonStyle.swift */ = {isa = PBXFileReference; lastKnownFileType = sourcecode.swift; path = SimpleButtonStyle.swift; sourceTree = "<group>"; };
		CA6A81CB2433D22F00E17DC3 /* PersonNotification.swift */ = {isa = PBXFileReference; lastKnownFileType = sourcecode.swift; path = PersonNotification.swift; sourceTree = "<group>"; };
		CA7544602431878300C45C28 /* PersonModel.swift */ = {isa = PBXFileReference; lastKnownFileType = sourcecode.swift; path = PersonModel.swift; sourceTree = "<group>"; };
		CA7544632432EF3C00C45C28 /* Haptics.swift */ = {isa = PBXFileReference; lastKnownFileType = sourcecode.swift; path = Haptics.swift; sourceTree = "<group>"; };
		CA7544652432EFD000C45C28 /* NetworkingHelper.swift */ = {isa = PBXFileReference; lastKnownFileType = sourcecode.swift; path = NetworkingHelper.swift; sourceTree = "<group>"; };
		CA754468243306F000C45C28 /* QuestionView3.swift */ = {isa = PBXFileReference; lastKnownFileType = sourcecode.swift; path = QuestionView3.swift; sourceTree = "<group>"; };
		CA75446A2433A51F00C45C28 /* QuestionView.swift */ = {isa = PBXFileReference; lastKnownFileType = sourcecode.swift; path = QuestionView.swift; sourceTree = "<group>"; };
		CA9D81CB242151AE009625DF /* Further.app */ = {isa = PBXFileReference; explicitFileType = wrapper.application; includeInIndex = 0; path = Further.app; sourceTree = BUILT_PRODUCTS_DIR; };
		CA9D81CE242151AE009625DF /* AppDelegate.swift */ = {isa = PBXFileReference; lastKnownFileType = sourcecode.swift; path = AppDelegate.swift; sourceTree = "<group>"; };
		CA9D81D0242151AE009625DF /* SceneDelegate.swift */ = {isa = PBXFileReference; lastKnownFileType = sourcecode.swift; path = SceneDelegate.swift; sourceTree = "<group>"; };
		CA9D81D2242151AE009625DF /* EntryView.swift */ = {isa = PBXFileReference; lastKnownFileType = sourcecode.swift; path = EntryView.swift; sourceTree = "<group>"; };
		CA9D81D4242151AF009625DF /* Assets.xcassets */ = {isa = PBXFileReference; lastKnownFileType = folder.assetcatalog; path = Assets.xcassets; sourceTree = "<group>"; };
		CA9D81D7242151AF009625DF /* Preview Assets.xcassets */ = {isa = PBXFileReference; lastKnownFileType = folder.assetcatalog; path = "Preview Assets.xcassets"; sourceTree = "<group>"; };
		CA9D81DA242151AF009625DF /* Base */ = {isa = PBXFileReference; lastKnownFileType = file.storyboard; name = Base; path = Base.lproj/LaunchScreen.storyboard; sourceTree = "<group>"; };
		CA9D81DC242151AF009625DF /* Info.plist */ = {isa = PBXFileReference; lastKnownFileType = text.plist.xml; path = Info.plist; sourceTree = "<group>"; };
		CAAD96BF2431711B00C054E1 /* PersonDetector.swift */ = {isa = PBXFileReference; lastKnownFileType = sourcecode.swift; path = PersonDetector.swift; sourceTree = "<group>"; };
/* End PBXFileReference section */

/* Begin PBXFrameworksBuildPhase section */
		CA9D81C8242151AE009625DF /* Frameworks */ = {
			isa = PBXFrameworksBuildPhase;
			buildActionMask = 2147483647;
			files = (
			);
			runOnlyForDeploymentPostprocessing = 0;
		};
/* End PBXFrameworksBuildPhase section */

/* Begin PBXGroup section */
		CA11D4FF242AC9220074E024 /* UI */ = {
			isa = PBXGroup;
			children = (
				CA11D506242AC9D60074E024 /* Shared */,
				CA11D503242AC9540074E024 /* Entry */,
				CA7544672432F5DB00C45C28 /* Questionnaire */,
			);
			path = UI;
			sourceTree = "<group>";
		};
		CA11D503242AC9540074E024 /* Entry */ = {
			isa = PBXGroup;
			children = (
				CA9D81D2242151AE009625DF /* EntryView.swift */,
				CA7544632432EF3C00C45C28 /* Haptics.swift */,
			);
			path = Entry;
			sourceTree = "<group>";
		};
		CA11D504242AC9C50074E024 /* Code */ = {
			isa = PBXGroup;
			children = (
				CA7544622432EF2000C45C28 /* Networking */,
				CAAD96BE2431710C00C054E1 /* PersonDetection */,
				CA11D507242ACAD90074E024 /* Extensions */,
				CA11D505242AC9C90074E024 /* Core */,
			);
			path = Code;
			sourceTree = "<group>";
		};
		CA11D505242AC9C90074E024 /* Core */ = {
			isa = PBXGroup;
			children = (
				CA9D81CE242151AE009625DF /* AppDelegate.swift */,
				CA9D81D0242151AE009625DF /* SceneDelegate.swift */,
			);
			path = Core;
			sourceTree = "<group>";
		};
		CA11D506242AC9D60074E024 /* Shared */ = {
			isa = PBXGroup;
			children = (
				CA11D50A242ACB920074E024 /* SimpleButtonStyle.swift */,
			);
			path = Shared;
			sourceTree = "<group>";
		};
		CA11D507242ACAD90074E024 /* Extensions */ = {
			isa = PBXGroup;
			children = (
				CA11D508242ACAE10074E024 /* Extensions.swift */,
			);
			path = Extensions;
			sourceTree = "<group>";
		};
		CA7544622432EF2000C45C28 /* Networking */ = {
			isa = PBXGroup;
			children = (
				CA7544652432EFD000C45C28 /* NetworkingHelper.swift */,
			);
			path = Networking;
			sourceTree = "<group>";
		};
		CA7544672432F5DB00C45C28 /* Questionnaire */ = {
			isa = PBXGroup;
			children = (
				CA754468243306F000C45C28 /* QuestionView3.swift */,
				CA75446A2433A51F00C45C28 /* QuestionView.swift */,
			);
			path = Questionnaire;
			sourceTree = "<group>";
		};
		CA9D81C2242151AE009625DF = {
			isa = PBXGroup;
			children = (
				CA9D81CD242151AE009625DF /* SwiftUIDesignProject */,
				CA9D81CC242151AE009625DF /* Products */,
			);
			sourceTree = "<group>";
		};
		CA9D81CC242151AE009625DF /* Products */ = {
			isa = PBXGroup;
			children = (
				CA9D81CB242151AE009625DF /* Further.app */,
			);
			name = Products;
			sourceTree = "<group>";
		};
		CA9D81CD242151AE009625DF /* SwiftUIDesignProject */ = {
			isa = PBXGroup;
			children = (
				CA11D504242AC9C50074E024 /* Code */,
				CA11D4FF242AC9220074E024 /* UI */,
				CA9D81D4242151AF009625DF /* Assets.xcassets */,
				CA9D81D9242151AF009625DF /* LaunchScreen.storyboard */,
				CA9D81DC242151AF009625DF /* Info.plist */,
				CA9D81D6242151AF009625DF /* Preview Content */,
			);
			path = SwiftUIDesignProject;
			sourceTree = "<group>";
		};
		CA9D81D6242151AF009625DF /* Preview Content */ = {
			isa = PBXGroup;
			children = (
				CA9D81D7242151AF009625DF /* Preview Assets.xcassets */,
			);
			path = "Preview Content";
			sourceTree = "<group>";
		};
		CAAD96BE2431710C00C054E1 /* PersonDetection */ = {
			isa = PBXGroup;
			children = (
				CAAD96BF2431711B00C054E1 /* PersonDetector.swift */,
				CA7544602431878300C45C28 /* PersonModel.swift */,
				CA6A81CB2433D22F00E17DC3 /* PersonNotification.swift */,
			);
			path = PersonDetection;
			sourceTree = "<group>";
		};
/* End PBXGroup section */

/* Begin PBXNativeTarget section */
		CA9D81CA242151AE009625DF /* SwiftUIDesignProject */ = {
			isa = PBXNativeTarget;
			buildConfigurationList = CA9D81DF242151AF009625DF /* Build configuration list for PBXNativeTarget "SwiftUIDesignProject" */;
			buildPhases = (
				CA9D81C7242151AE009625DF /* Sources */,
				CA9D81C8242151AE009625DF /* Frameworks */,
				CA9D81C9242151AE009625DF /* Resources */,
			);
			buildRules = (
			);
			dependencies = (
			);
			name = SwiftUIDesignProject;
			productName = SwiftUIDesignProject;
			productReference = CA9D81CB242151AE009625DF /* Further.app */;
			productType = "com.apple.product-type.application";
		};
/* End PBXNativeTarget section */

/* Begin PBXProject section */
		CA9D81C3242151AE009625DF /* Project object */ = {
			isa = PBXProject;
			attributes = {
				LastSwiftUpdateCheck = 1130;
				LastUpgradeCheck = 1130;
				ORGANIZATIONNAME = Brandon;
				TargetAttributes = {
					CA9D81CA242151AE009625DF = {
						CreatedOnToolsVersion = 11.3.1;
					};
				};
			};
			buildConfigurationList = CA9D81C6242151AE009625DF /* Build configuration list for PBXProject "SwiftUIDesignProject" */;
			compatibilityVersion = "Xcode 9.3";
			developmentRegion = en;
			hasScannedForEncodings = 0;
			knownRegions = (
				en,
				Base,
			);
			mainGroup = CA9D81C2242151AE009625DF;
			productRefGroup = CA9D81CC242151AE009625DF /* Products */;
			projectDirPath = "";
			projectRoot = "";
			targets = (
				CA9D81CA242151AE009625DF /* SwiftUIDesignProject */,
			);
		};
/* End PBXProject section */

/* Begin PBXResourcesBuildPhase section */
		CA9D81C9242151AE009625DF /* Resources */ = {
			isa = PBXResourcesBuildPhase;
			buildActionMask = 2147483647;
			files = (
				CA9D81DB242151AF009625DF /* LaunchScreen.storyboard in Resources */,
				CA9D81D8242151AF009625DF /* Preview Assets.xcassets in Resources */,
				CA9D81D5242151AF009625DF /* Assets.xcassets in Resources */,
			);
			runOnlyForDeploymentPostprocessing = 0;
		};
/* End PBXResourcesBuildPhase section */

/* Begin PBXSourcesBuildPhase section */
		CA9D81C7242151AE009625DF /* Sources */ = {
			isa = PBXSourcesBuildPhase;
			buildActionMask = 2147483647;
			files = (
				CA754469243306F000C45C28 /* QuestionView3.swift in Sources */,
				CA11D50B242ACB920074E024 /* SimpleButtonStyle.swift in Sources */,
				CAAD96C02431711B00C054E1 /* PersonDetector.swift in Sources */,
				CA9D81CF242151AE009625DF /* AppDelegate.swift in Sources */,
				CA7544662432EFD000C45C28 /* NetworkingHelper.swift in Sources */,
				CA6A81CC2433D22F00E17DC3 /* PersonNotification.swift in Sources */,
				CA7544612431878300C45C28 /* PersonModel.swift in Sources */,
				CA7544642432EF3C00C45C28 /* Haptics.swift in Sources */,
				CA9D81D1242151AE009625DF /* SceneDelegate.swift in Sources */,
				CA75446B2433A51F00C45C28 /* QuestionView.swift in Sources */,
				CA9D81D3242151AE009625DF /* EntryView.swift in Sources */,
				CA11D509242ACAE10074E024 /* Extensions.swift in Sources */,
			);
			runOnlyForDeploymentPostprocessing = 0;
		};
/* End PBXSourcesBuildPhase section */

/* Begin PBXVariantGroup section */
		CA9D81D9242151AF009625DF /* LaunchScreen.storyboard */ = {
			isa = PBXVariantGroup;
			children = (
				CA9D81DA242151AF009625DF /* Base */,
			);
			name = LaunchScreen.storyboard;
			sourceTree = "<group>";
		};
/* End PBXVariantGroup section */

/* Begin XCBuildConfiguration section */
		CA9D81DD242151AF009625DF /* Debug */ = {
			isa = XCBuildConfiguration;
			buildSettings = {
				ALWAYS_SEARCH_USER_PATHS = NO;
				CLANG_ANALYZER_NONNULL = YES;
				CLANG_ANALYZER_NUMBER_OBJECT_CONVERSION = YES_AGGRESSIVE;
				CLANG_CXX_LANGUAGE_STANDARD = "gnu++14";
				CLANG_CXX_LIBRARY = "libc++";
				CLANG_ENABLE_MODULES = YES;
				CLANG_ENABLE_OBJC_ARC = YES;
				CLANG_ENABLE_OBJC_WEAK = YES;
				CLANG_WARN_BLOCK_CAPTURE_AUTORELEASING = YES;
				CLANG_WARN_BOOL_CONVERSION = YES;
				CLANG_WARN_COMMA = YES;
				CLANG_WARN_CONSTANT_CONVERSION = YES;
				CLANG_WARN_DEPRECATED_OBJC_IMPLEMENTATIONS = YES;
				CLANG_WARN_DIRECT_OBJC_ISA_USAGE = YES_ERROR;
				CLANG_WARN_DOCUMENTATION_COMMENTS = YES;
				CLANG_WARN_EMPTY_BODY = YES;
				CLANG_WARN_ENUM_CONVERSION = YES;
				CLANG_WARN_INFINITE_RECURSION = YES;
				CLANG_WARN_INT_CONVERSION = YES;
				CLANG_WARN_NON_LITERAL_NULL_CONVERSION = YES;
				CLANG_WARN_OBJC_IMPLICIT_RETAIN_SELF = YES;
				CLANG_WARN_OBJC_LITERAL_CONVERSION = YES;
				CLANG_WARN_OBJC_ROOT_CLASS = YES_ERROR;
				CLANG_WARN_RANGE_LOOP_ANALYSIS = YES;
				CLANG_WARN_STRICT_PROTOTYPES = YES;
				CLANG_WARN_SUSPICIOUS_MOVE = YES;
				CLANG_WARN_UNGUARDED_AVAILABILITY = YES_AGGRESSIVE;
				CLANG_WARN_UNREACHABLE_CODE = YES;
				CLANG_WARN__DUPLICATE_METHOD_MATCH = YES;
				COPY_PHASE_STRIP = NO;
				DEBUG_INFORMATION_FORMAT = dwarf;
				ENABLE_STRICT_OBJC_MSGSEND = YES;
				ENABLE_TESTABILITY = YES;
				GCC_C_LANGUAGE_STANDARD = gnu11;
				GCC_DYNAMIC_NO_PIC = NO;
				GCC_NO_COMMON_BLOCKS = YES;
				GCC_OPTIMIZATION_LEVEL = 0;
				GCC_PREPROCESSOR_DEFINITIONS = (
					"DEBUG=1",
					"$(inherited)",
				);
				GCC_WARN_64_TO_32_BIT_CONVERSION = YES;
				GCC_WARN_ABOUT_RETURN_TYPE = YES_ERROR;
				GCC_WARN_UNDECLARED_SELECTOR = YES;
				GCC_WARN_UNINITIALIZED_AUTOS = YES_AGGRESSIVE;
				GCC_WARN_UNUSED_FUNCTION = YES;
				GCC_WARN_UNUSED_VARIABLE = YES;
				IPHONEOS_DEPLOYMENT_TARGET = 13.2;
				MTL_ENABLE_DEBUG_INFO = INCLUDE_SOURCE;
				MTL_FAST_MATH = YES;
				ONLY_ACTIVE_ARCH = YES;
				SDKROOT = iphoneos;
				SWIFT_ACTIVE_COMPILATION_CONDITIONS = DEBUG;
				SWIFT_OPTIMIZATION_LEVEL = "-Onone";
			};
			name = Debug;
		};
		CA9D81DE242151AF009625DF /* Release */ = {
			isa = XCBuildConfiguration;
			buildSettings = {
				ALWAYS_SEARCH_USER_PATHS = NO;
				CLANG_ANALYZER_NONNULL = YES;
				CLANG_ANALYZER_NUMBER_OBJECT_CONVERSION = YES_AGGRESSIVE;
				CLANG_CXX_LANGUAGE_STANDARD = "gnu++14";
				CLANG_CXX_LIBRARY = "libc++";
				CLANG_ENABLE_MODULES = YES;
				CLANG_ENABLE_OBJC_ARC = YES;
				CLANG_ENABLE_OBJC_WEAK = YES;
				CLANG_WARN_BLOCK_CAPTURE_AUTORELEASING = YES;
				CLANG_WARN_BOOL_CONVERSION = YES;
				CLANG_WARN_COMMA = YES;
				CLANG_WARN_CONSTANT_CONVERSION = YES;
				CLANG_WARN_DEPRECATED_OBJC_IMPLEMENTATIONS = YES;
				CLANG_WARN_DIRECT_OBJC_ISA_USAGE = YES_ERROR;
				CLANG_WARN_DOCUMENTATION_COMMENTS = YES;
				CLANG_WARN_EMPTY_BODY = YES;
				CLANG_WARN_ENUM_CONVERSION = YES;
				CLANG_WARN_INFINITE_RECURSION = YES;
				CLANG_WARN_INT_CONVERSION = YES;
				CLANG_WARN_NON_LITERAL_NULL_CONVERSION = YES;
				CLANG_WARN_OBJC_IMPLICIT_RETAIN_SELF = YES;
				CLANG_WARN_OBJC_LITERAL_CONVERSION = YES;
				CLANG_WARN_OBJC_ROOT_CLASS = YES_ERROR;
				CLANG_WARN_RANGE_LOOP_ANALYSIS = YES;
				CLANG_WARN_STRICT_PROTOTYPES = YES;
				CLANG_WARN_SUSPICIOUS_MOVE = YES;
				CLANG_WARN_UNGUARDED_AVAILABILITY = YES_AGGRESSIVE;
				CLANG_WARN_UNREACHABLE_CODE = YES;
				CLANG_WARN__DUPLICATE_METHOD_MATCH = YES;
				COPY_PHASE_STRIP = NO;
				DEBUG_INFORMATION_FORMAT = "dwarf-with-dsym";
				ENABLE_NS_ASSERTIONS = NO;
				ENABLE_STRICT_OBJC_MSGSEND = YES;
				GCC_C_LANGUAGE_STANDARD = gnu11;
				GCC_NO_COMMON_BLOCKS = YES;
				GCC_WARN_64_TO_32_BIT_CONVERSION = YES;
				GCC_WARN_ABOUT_RETURN_TYPE = YES_ERROR;
				GCC_WARN_UNDECLARED_SELECTOR = YES;
				GCC_WARN_UNINITIALIZED_AUTOS = YES_AGGRESSIVE;
				GCC_WARN_UNUSED_FUNCTION = YES;
				GCC_WARN_UNUSED_VARIABLE = YES;
				IPHONEOS_DEPLOYMENT_TARGET = 13.2;
				MTL_ENABLE_DEBUG_INFO = NO;
				MTL_FAST_MATH = YES;
				SDKROOT = iphoneos;
				SWIFT_COMPILATION_MODE = wholemodule;
				SWIFT_OPTIMIZATION_LEVEL = "-O";
				VALIDATE_PRODUCT = YES;
			};
			name = Release;
		};
		CA9D81E0242151AF009625DF /* Debug */ = {
			isa = XCBuildConfiguration;
			buildSettings = {
				ASSETCATALOG_COMPILER_APPICON_NAME = AppIcon;
				CODE_SIGN_STYLE = Automatic;
				CURRENT_PROJECT_VERSION = "100-debug";
				DEVELOPMENT_ASSET_PATHS = "\"SwiftUIDesignProject/Preview Content\"";
				DEVELOPMENT_TEAM = H7CZL4QN4L;
				ENABLE_PREVIEWS = YES;
				INFOPLIST_FILE = SwiftUIDesignProject/Info.plist;
				IPHONEOS_DEPLOYMENT_TARGET = 13.4;
				LD_RUNPATH_SEARCH_PATHS = (
					"$(inherited)",
					"@executable_path/Frameworks",
				);
				MARKETING_VERSION = 1.0.0;
				PRODUCT_BUNDLE_IDENTIFIER = com.brandon.further;
				PRODUCT_NAME = Further;
				SWIFT_VERSION = 5.0;
				TARGETED_DEVICE_FAMILY = "1,2";
			};
			name = Debug;
		};
		CA9D81E1242151AF009625DF /* Release */ = {
			isa = XCBuildConfiguration;
			buildSettings = {
				ASSETCATALOG_COMPILER_APPICON_NAME = AppIcon;
				CODE_SIGN_STYLE = Automatic;
				CURRENT_PROJECT_VERSION = "100-debug";
				DEVELOPMENT_ASSET_PATHS = "\"SwiftUIDesignProject/Preview Content\"";
				DEVELOPMENT_TEAM = H7CZL4QN4L;
				ENABLE_PREVIEWS = YES;
				INFOPLIST_FILE = SwiftUIDesignProject/Info.plist;
				IPHONEOS_DEPLOYMENT_TARGET = 13.4;
				LD_RUNPATH_SEARCH_PATHS = (
					"$(inherited)",
					"@executable_path/Frameworks",
				);
				MARKETING_VERSION = 1.0.0;
				PRODUCT_BUNDLE_IDENTIFIER = com.brandon.further;
				PRODUCT_NAME = Further;
				SWIFT_VERSION = 5.0;
				TARGETED_DEVICE_FAMILY = "1,2";
			};
			name = Release;
		};
/* End XCBuildConfiguration section */

/* Begin XCConfigurationList section */
		CA9D81C6242151AE009625DF /* Build configuration list for PBXProject "SwiftUIDesignProject" */ = {
			isa = XCConfigurationList;
			buildConfigurations = (
				CA9D81DD242151AF009625DF /* Debug */,
				CA9D81DE242151AF009625DF /* Release */,
			);
			defaultConfigurationIsVisible = 0;
			defaultConfigurationName = Release;
		};
		CA9D81DF242151AF009625DF /* Build configuration list for PBXNativeTarget "SwiftUIDesignProject" */ = {
			isa = XCConfigurationList;
			buildConfigurations = (
				CA9D81E0242151AF009625DF /* Debug */,
				CA9D81E1242151AF009625DF /* Release */,
			);
			defaultConfigurationIsVisible = 0;
			defaultConfigurationName = Release;
		};
/* End XCConfigurationList section */
	};
	rootObject = CA9D81C3242151AE009625DF /* Project object */;
}
