PODS:
  - EFQRCode (5.1.6):
    - EFQRCode/Core (= 5.1.6)
  - EFQRCode/Core (5.1.6)

DEPENDENCIES:
  - EFQRCode (~> 5.1.6)

SPEC REPOS:
  trunk:
    - EFQRCode

SPEC CHECKSUMS:
  EFQRCode: a7ea2e517912f5bf6ba258b631327a83cd8084a5

PODFILE CHECKSUM: 128885b9d11be11e5bded9e959cf28426bdad766

COCOAPODS: 1.8.4
